%{
  "circuits_uart": {:hex, :circuits_uart, "1.4.2", "520817daced77620bc036c168eb42b55ba4b4c141c2de47a199895a35a86e690", [:mix], [{:elixir_make, "~> 0.6", [hex: :elixir_make, repo: "hexpm", optional: false]}], "hexpm", "d3da86c9ef9ef196150797c7de1c7a7d367ebcd0de44f325c36def8654976c06"},
  "elixir_make": {:hex, :elixir_make, "0.6.0", "38349f3e29aff4864352084fc736fa7fa0f2995a819a737554f7ebd28b85aaab", [:mix], [], "hexpm", "d522695b93b7f0b4c0fcb2dfe73a6b905b1c301226a5a55cb42e5b14d509e050"},
}
